// !$*UTF8*$!
{
	archiveVersion = 1;
	classes = {
	};
	objectVersion = 46;
	objects = {

/* Begin PBXBuildFile section */
		B7E899471A12A69B00B640C3 /* main.m in Sources */ = {isa = PBXBuildFile; fileRef = B7E899461A12A69B00B640C3 /* main.m */; };
		B7E8994A1A12A69B00B640C3 /* AppDelegate.m in Sources */ = {isa = PBXBuildFile; fileRef = B7E899491A12A69B00B640C3 /* AppDelegate.m */; };
		B7E8994D1A12A69B00B640C3 /* ViewController.m in Sources */ = {isa = PBXBuildFile; fileRef = B7E8994C1A12A69B00B640C3 /* ViewController.m */; };
		B7E899501A12A69B00B640C3 /* Main.storyboard in Resources */ = {isa = PBXBuildFile; fileRef = B7E8994E1A12A69B00B640C3 /* Main.storyboard */; };
		B7E899521A12A69B00B640C3 /* Images.xcassets in Resources */ = {isa = PBXBuildFile; fileRef = B7E899511A12A69B00B640C3 /* Images.xcassets */; };
		B7E899551A12A69B00B640C3 /* LaunchScreen.xib in Resources */ = {isa = PBXBuildFile; fileRef = B7E899531A12A69B00B640C3 /* LaunchScreen.xib */; };
		B7E899611A12A69B00B640C3 /* Yoga_BreatheTests.m in Sources */ = {isa = PBXBuildFile; fileRef = B7E899601A12A69B00B640C3 /* Yoga_BreatheTests.m */; };
/* End PBXBuildFile section */

/* Begin PBXContainerItemProxy section */
		B7E8995B1A12A69B00B640C3 /* PBXContainerItemProxy */ = {
			isa = PBXContainerItemProxy;
			containerPortal = B7E899391A12A69B00B640C3 /* Project object */;
			proxyType = 1;
			remoteGlobalIDString = B7E899401A12A69B00B640C3;
			remoteInfo = "Yoga Breathe";
		};
/* End PBXContainerItemProxy section */

/* Begin PBXFileReference section */
		B7E899411A12A69B00B640C3 /* Yoga Breathe.app */ = {isa = PBXFileReference; explicitFileType = wrapper.application; includeInIndex = 0; path = "Yoga Breathe.app"; sourceTree = BUILT_PRODUCTS_DIR; };
		B7E899451A12A69B00B640C3 /* Info.plist */ = {isa = PBXFileReference; lastKnownFileType = text.plist.xml; path = Info.plist; sourceTree = "<group>"; };
		B7E899461A12A69B00B640C3 /* main.m */ = {isa = PBXFileReference; lastKnownFileType = sourcecode.c.objc; path = main.m; sourceTree = "<group>"; };
		B7E899481A12A69B00B640C3 /* AppDelegate.h */ = {isa = PBXFileReference; lastKnownFileType = sourcecode.c.h; path = AppDelegate.h; sourceTree = "<group>"; };
		B7E899491A12A69B00B640C3 /* AppDelegate.m */ = {isa = PBXFileReference; lastKnownFileType = sourcecode.c.objc; path = AppDelegate.m; sourceTree = "<group>"; };
		B7E8994B1A12A69B00B640C3 /* ViewController.h */ = {isa = PBXFileReference; lastKnownFileType = sourcecode.c.h; path = ViewController.h; sourceTree = "<group>"; };
		B7E8994C1A12A69B00B640C3 /* ViewController.m */ = {isa = PBXFileReference; lastKnownFileType = sourcecode.c.objc; path = ViewController.m; sourceTree = "<group>"; };
		B7E8994F1A12A69B00B640C3 /* Base */ = {isa = PBXFileReference; lastKnownFileType = file.storyboard; name = Base; path = Base.lproj/Main.storyboard; sourceTree = "<group>"; };
		B7E899511A12A69B00B640C3 /* Images.xcassets */ = {isa = PBXFileReference; lastKnownFileType = folder.assetcatalog; path = Images.xcassets; sourceTree = "<group>"; };
		B7E899541A12A69B00B640C3 /* Base */ = {isa = PBXFileReference; lastKnownFileType = file.xib; name = Base; path = Base.lproj/LaunchScreen.xib; sourceTree = "<group>"; };
		B7E8995A1A12A69B00B640C3 /* Yoga BreatheTests.xctest */ = {isa = PBXFileReference; explicitFileType = wrapper.cfbundle; includeInIndex = 0; path = "Yoga BreatheTests.xctest"; sourceTree = BUILT_PRODUCTS_DIR; };
		B7E8995F1A12A69B00B640C3 /* Info.plist */ = {isa = PBXFileReference; lastKnownFileType = text.plist.xml; path = Info.plist; sourceTree = "<group>"; };
		B7E899601A12A69B00B640C3 /* Yoga_BreatheTests.m */ = {isa = PBXFileReference; lastKnownFileType = sourcecode.c.objc; path = Yoga_BreatheTests.m; sourceTree = "<group>"; };
/* End PBXFileReference section */

/* Begin PBXFrameworksBuildPhase section */
		B7E8993E1A12A69B00B640C3 /* Frameworks */ = {
			isa = PBXFrameworksBuildPhase;
			buildActionMask = 2147483647;
			files = (
			);
			runOnlyForDeploymentPostprocessing = 0;
		};
		B7E899571A12A69B00B640C3 /* Frameworks */ = {
			isa = PBXFrameworksBuildPhase;
			buildActionMask = 2147483647;
			files = (
			);
			runOnlyForDeploymentPostprocessing = 0;
		};
/* End PBXFrameworksBuildPhase section */

/* Begin PBXGroup section */
		B7E899381A12A69B00B640C3 = {
			isa = PBXGroup;
			children = (
				B7E899431A12A69B00B640C3 /* Yoga Breathe */,
				B7E8995D1A12A69B00B640C3 /* Yoga BreatheTests */,
				B7E899421A12A69B00B640C3 /* Products */,
			);
			sourceTree = "<group>";
		};
		B7E899421A12A69B00B640C3 /* Products */ = {
			isa = PBXGroup;
			children = (
				B7E899411A12A69B00B640C3 /* Yoga Breathe.app */,
				B7E8995A1A12A69B00B640C3 /* Yoga BreatheTests.xctest */,
			);
			name = Products;
			sourceTree = "<group>";
		};
		B7E899431A12A69B00B640C3 /* Yoga Breathe */ = {
			isa = PBXGroup;
			children = (
				B7E899481A12A69B00B640C3 /* AppDelegate.h */,
				B7E899491A12A69B00B640C3 /* AppDelegate.m */,
				B7E8994B1A12A69B00B640C3 /* ViewController.h */,
				B7E8994C1A12A69B00B640C3 /* ViewController.m */,
				B7E8994E1A12A69B00B640C3 /* Main.storyboard */,
				B7E899511A12A69B00B640C3 /* Images.xcassets */,
				B7E899531A12A69B00B640C3 /* LaunchScreen.xib */,
				B7E899441A12A69B00B640C3 /* Supporting Files */,
			);
			path = "Yoga Breathe";
			sourceTree = "<group>";
		};
		B7E899441A12A69B00B640C3 /* Supporting Files */ = {
			isa = PBXGroup;
			children = (
				B7E899451A12A69B00B640C3 /* Info.plist */,
				B7E899461A12A69B00B640C3 /* main.m */,
			);
			name = "Supporting Files";
			sourceTree = "<group>";
		};
		B7E8995D1A12A69B00B640C3 /* Yoga BreatheTests */ = {
			isa = PBXGroup;
			children = (
				B7E899601A12A69B00B640C3 /* Yoga_BreatheTests.m */,
				B7E8995E1A12A69B00B640C3 /* Supporting Files */,
			);
			path = "Yoga BreatheTests";
			sourceTree = "<group>";
		};
		B7E8995E1A12A69B00B640C3 /* Supporting Files */ = {
			isa = PBXGroup;
			children = (
				B7E8995F1A12A69B00B640C3 /* Info.plist */,
			);
			name = "Supporting Files";
			sourceTree = "<group>";
		};
/* End PBXGroup section */

/* Begin PBXNativeTarget section */
		B7E899401A12A69B00B640C3 /* Yoga Breathe */ = {
			isa = PBXNativeTarget;
			buildConfigurationList = B7E899641A12A69B00B640C3 /* Build configuration list for PBXNativeTarget "Yoga Breathe" */;
			buildPhases = (
				B7E8993D1A12A69B00B640C3 /* Sources */,
				B7E8993E1A12A69B00B640C3 /* Frameworks */,
				B7E8993F1A12A69B00B640C3 /* Resources */,
			);
			buildRules = (
			);
			dependencies = (
			);
			name = "Yoga Breathe";
			productName = "Yoga Breathe";
			productReference = B7E899411A12A69B00B640C3 /* Yoga Breathe.app */;
			productType = "com.apple.product-type.application";
		};
		B7E899591A12A69B00B640C3 /* Yoga BreatheTests */ = {
			isa = PBXNativeTarget;
			buildConfigurationList = B7E899671A12A69B00B640C3 /* Build configuration list for PBXNativeTarget "Yoga BreatheTests" */;
			buildPhases = (
				B7E899561A12A69B00B640C3 /* Sources */,
				B7E899571A12A69B00B640C3 /* Frameworks */,
				B7E899581A12A69B00B640C3 /* Resources */,
			);
			buildRules = (
			);
			dependencies = (
				B7E8995C1A12A69B00B640C3 /* PBXTargetDependency */,
			);
			name = "Yoga BreatheTests";
			productName = "Yoga BreatheTests";
			productReference = B7E8995A1A12A69B00B640C3 /* Yoga BreatheTests.xctest */;
			productType = "com.apple.product-type.bundle.unit-test";
		};
/* End PBXNativeTarget section */

/* Begin PBXProject section */
		B7E899391A12A69B00B640C3 /* Project object */ = {
			isa = PBXProject;
			attributes = {
				LastUpgradeCheck = 0610;
				ORGANIZATIONNAME = "Jaydot2 LLC";
				TargetAttributes = {
					B7E899401A12A69B00B640C3 = {
						CreatedOnToolsVersion = 6.1;
					};
					B7E899591A12A69B00B640C3 = {
						CreatedOnToolsVersion = 6.1;
						TestTargetID = B7E899401A12A69B00B640C3;
					};
				};
			};
			buildConfigurationList = B7E8993C1A12A69B00B640C3 /* Build configuration list for PBXProject "Yoga Breathe" */;
			compatibilityVersion = "Xcode 3.2";
			developmentRegion = English;
			hasScannedForEncodings = 0;
			knownRegions = (
				en,
				Base,
			);
			mainGroup = B7E899381A12A69B00B640C3;
			productRefGroup = B7E899421A12A69B00B640C3 /* Products */;
			projectDirPath = "";
			projectRoot = "";
			targets = (
				B7E899401A12A69B00B640C3 /* Yoga Breathe */,
				B7E899591A12A69B00B640C3 /* Yoga BreatheTests */,
			);
		};
/* End PBXProject section */

/* Begin PBXResourcesBuildPhase section */
		B7E8993F1A12A69B00B640C3 /* Resources */ = {
			isa = PBXResourcesBuildPhase;
			buildActionMask = 2147483647;
			files = (
				B7E899501A12A69B00B640C3 /* Main.storyboard in Resources */,
				B7E899551A12A69B00B640C3 /* LaunchScreen.xib in Resources */,
				B7E899521A12A69B00B640C3 /* Images.xcassets in Resources */,
			);
			runOnlyForDeploymentPostprocessing = 0;
		};
		B7E899581A12A69B00B640C3 /* Resources */ = {
			isa = PBXResourcesBuildPhase;
			buildActionMask = 2147483647;
			files = (
			);
			runOnlyForDeploymentPostprocessing = 0;
		};
/* End PBXResourcesBuildPhase section */

/* Begin PBXSourcesBuildPhase section */
		B7E8993D1A12A69B00B640C3 /* Sources */ = {
			isa = PBXSourcesBuildPhase;
			buildActionMask = 2147483647;
			files = (
				B7E8994D1A12A69B00B640C3 /* ViewController.m in Sources */,
				B7E8994A1A12A69B00B640C3 /* AppDelegate.m in Sources */,
				B7E899471A12A69B00B640C3 /* main.m in Sources */,
			);
			runOnlyForDeploymentPostprocessing = 0;
		};
		B7E899561A12A69B00B640C3 /* Sources */ = {
			isa = PBXSourcesBuildPhase;
			buildActionMask = 2147483647;
			files = (
				B7E899611A12A69B00B640C3 /* Yoga_BreatheTests.m in Sources */,
			);
			runOnlyForDeploymentPostprocessing = 0;
		};
/* End PBXSourcesBuildPhase section */

/* Begin PBXTargetDependency section */
		B7E8995C1A12A69B00B640C3 /* PBXTargetDependency */ = {
			isa = PBXTargetDependency;
			target = B7E899401A12A69B00B640C3 /* Yoga Breathe */;
			targetProxy = B7E8995B1A12A69B00B640C3 /* PBXContainerItemProxy */;
		};
/* End PBXTargetDependency section */

/* Begin PBXVariantGroup section */
		B7E8994E1A12A69B00B640C3 /* Main.storyboard */ = {
			isa = PBXVariantGroup;
			children = (
				B7E8994F1A12A69B00B640C3 /* Base */,
			);
			name = Main.storyboard;
			sourceTree = "<group>";
		};
		B7E899531A12A69B00B640C3 /* LaunchScreen.xib */ = {
			isa = PBXVariantGroup;
			children = (
				B7E899541A12A69B00B640C3 /* Base */,
			);
			name = LaunchScreen.xib;
			sourceTree = "<group>";
		};
/* End PBXVariantGroup section */

/* Begin XCBuildConfiguration section */
		B7E899621A12A69B00B640C3 /* Debug */ = {
			isa = XCBuildConfiguration;
			buildSettings = {
				ALWAYS_SEARCH_USER_PATHS = NO;
				CLANG_CXX_LANGUAGE_STANDARD = "gnu++0x";
				CLANG_CXX_LIBRARY = "libc++";
				CLANG_ENABLE_MODULES = YES;
				CLANG_ENABLE_OBJC_ARC = YES;
				CLANG_WARN_BOOL_CONVERSION = YES;
				CLANG_WARN_CONSTANT_CONVERSION = YES;
				CLANG_WARN_DIRECT_OBJC_ISA_USAGE = YES_ERROR;
				CLANG_WARN_EMPTY_BODY = YES;
				CLANG_WARN_ENUM_CONVERSION = YES;
				CLANG_WARN_INT_CONVERSION = YES;
				CLANG_WARN_OBJC_ROOT_CLASS = YES_ERROR;
				CLANG_WARN_UNREACHABLE_CODE = YES;
				CLANG_WARN__DUPLICATE_METHOD_MATCH = YES;
				"CODE_SIGN_IDENTITY[sdk=iphoneos*]" = "iPhone Developer";
				COPY_PHASE_STRIP = NO;
				ENABLE_STRICT_OBJC_MSGSEND = YES;
				GCC_C_LANGUAGE_STANDARD = gnu99;
				GCC_DYNAMIC_NO_PIC = NO;
				GCC_OPTIMIZATION_LEVEL = 0;
				GCC_PREPROCESSOR_DEFINITIONS = (
					"DEBUG=1",
					"$(inherited)",
				);
				GCC_SYMBOLS_PRIVATE_EXTERN = NO;
				GCC_WARN_64_TO_32_BIT_CONVERSION = YES;
				GCC_WARN_ABOUT_RETURN_TYPE = YES_ERROR;
				GCC_WARN_UNDECLARED_SELECTOR = YES;
				GCC_WARN_UNINITIALIZED_AUTOS = YES_AGGRESSIVE;
				GCC_WARN_UNUSED_FUNCTION = YES;
				GCC_WARN_UNUSED_VARIABLE = YES;
				IPHONEOS_DEPLOYMENT_TARGET = 8.1;
				MTL_ENABLE_DEBUG_INFO = YES;
				ONLY_ACTIVE_ARCH = YES;
				SDKROOT = iphoneos;
				TARGETED_DEVICE_FAMILY = "1,2";
			};
			name = Debug;
		};
		B7E899631A12A69B00B640C3 /* Release */ = {
			isa = XCBuildConfiguration;
			buildSettings = {
				ALWAYS_SEARCH_USER_PATHS = NO;
				CLANG_CXX_LANGUAGE_STANDARD = "gnu++0x";
				CLANG_CXX_LIBRARY = "libc++";
				CLANG_ENABLE_MODULES = YES;
				CLANG_ENABLE_OBJC_ARC = YES;
				CLANG_WARN_BOOL_CONVERSION = YES;
				CLANG_WARN_CONSTANT_CONVERSION = YES;
				CLANG_WARN_DIRECT_OBJC_ISA_USAGE = YES_ERROR;
				CLANG_WARN_EMPTY_BODY = YES;
				CLANG_WARN_ENUM_CONVERSION = YES;
				CLANG_WARN_INT_CONVERSION = YES;
				CLANG_WARN_OBJC_ROOT_CLASS = YES_ERROR;
				CLANG_WARN_UNREACHABLE_CODE = YES;
				CLANG_WARN__DUPLICATE_METHOD_MATCH = YES;
				"CODE_SIGN_IDENTITY[sdk=iphoneos*]" = "iPhone Developer";
				COPY_PHASE_STRIP = YES;
				ENABLE_NS_ASSERTIONS = NO;
				ENABLE_STRICT_OBJC_MSGSEND = YES;
				GCC_C_LANGUAGE_STANDARD = gnu99;
				GCC_WARN_64_TO_32_BIT_CONVERSION = YES;
				GCC_WARN_ABOUT_RETURN_TYPE = YES_ERROR;
				GCC_WARN_UNDECLARED_SELECTOR = YES;
				GCC_WARN_UNINITIALIZED_AUTOS = YES_AGGRESSIVE;
				GCC_WARN_UNUSED_FUNCTION = YES;
				GCC_WARN_UNUSED_VARIABLE = YES;
				IPHONEOS_DEPLOYMENT_TARGET = 8.1;
				MTL_ENABLE_DEBUG_INFO = NO;
				SDKROOT = iphoneos;
				TARGETED_DEVICE_FAMILY = "1,2";
				VALIDATE_PRODUCT = YES;
			};
			name = Release;
		};
		B7E899651A12A69B00B640C3 /* Debug */ = {
			isa = XCBuildConfiguration;
			buildSettings = {
				ASSETCATALOG_COMPILER_APPICON_NAME = AppIcon;
				INFOPLIST_FILE = "Yoga Breathe/Info.plist";
				LD_RUNPATH_SEARCH_PATHS = "$(inherited) @executable_path/Frameworks";
				PRODUCT_NAME = "$(TARGET_NAME)";
			};
			name = Debug;
		};
		B7E899661A12A69B00B640C3 /* Release */ = {
			isa = XCBuildConfiguration;
			buildSettings = {
				ASSETCATALOG_COMPILER_APPICON_NAME = AppIcon;
				INFOPLIST_FILE = "Yoga Breathe/Info.plist";
				LD_RUNPATH_SEARCH_PATHS = "$(inherited) @executable_path/Frameworks";
				PRODUCT_NAME = "$(TARGET_NAME)";
			};
			name = Release;
		};
		B7E899681A12A69B00B640C3 /* Debug */ = {
			isa = XCBuildConfiguration;
			buildSettings = {
				BUNDLE_LOADER = "$(TEST_HOST)";
				FRAMEWORK_SEARCH_PATHS = (
					"$(SDKROOT)/Developer/Library/Frameworks",
					"$(inherited)",
				);
				GCC_PREPROCESSOR_DEFINITIONS = (
					"DEBUG=1",
					"$(inherited)",
				);
				INFOPLIST_FILE = "Yoga BreatheTests/Info.plist";
				LD_RUNPATH_SEARCH_PATHS = "$(inherited) @executable_path/Frameworks @loader_path/Frameworks";
				PRODUCT_NAME = "$(TARGET_NAME)";
				TEST_HOST = "$(BUILT_PRODUCTS_DIR)/Yoga Breathe.app/Yoga Breathe";
			};
			name = Debug;
		};
		B7E899691A12A69B00B640C3 /* Release */ = {
			isa = XCBuildConfiguration;
			buildSettings = {
				BUNDLE_LOADER = "$(TEST_HOST)";
				FRAMEWORK_SEARCH_PATHS = (
					"$(SDKROOT)/Developer/Library/Frameworks",
					"$(inherited)",
				);
				INFOPLIST_FILE = "Yoga BreatheTests/Info.plist";
				LD_RUNPATH_SEARCH_PATHS = "$(inherited) @executable_path/Frameworks @loader_path/Frameworks";
				PRODUCT_NAME = "$(TARGET_NAME)";
				TEST_HOST = "$(BUILT_PRODUCTS_DIR)/Yoga Breathe.app/Yoga Breathe";
			};
			name = Release;
		};
/* End XCBuildConfiguration section */

/* Begin XCConfigurationList section */
		B7E8993C1A12A69B00B640C3 /* Build configuration list for PBXProject "Yoga Breathe" */ = {
			isa = XCConfigurationList;
			buildConfigurations = (
				B7E899621A12A69B00B640C3 /* Debug */,
				B7E899631A12A69B00B640C3 /* Release */,
			);
			defaultConfigurationIsVisible = 0;
			defaultConfigurationName = Release;
		};
		B7E899641A12A69B00B640C3 /* Build configuration list for PBXNativeTarget "Yoga Breathe" */ = {
			isa = XCConfigurationList;
			buildConfigurations = (
				B7E899651A12A69B00B640C3 /* Debug */,
				B7E899661A12A69B00B640C3 /* Release */,
			);
			defaultConfigurationIsVisible = 0;
		};
		B7E899671A12A69B00B640C3 /* Build configuration list for PBXNativeTarget "Yoga BreatheTests" */ = {
			isa = XCConfigurationList;
			buildConfigurations = (
				B7E899681A12A69B00B640C3 /* Debug */,
				B7E899691A12A69B00B640C3 /* Release */,
			);
			defaultConfigurationIsVisible = 0;
		};
/* End XCConfigurationList section */
	};
	rootObject = B7E899391A12A69B00B640C3 /* Project object */;
}
